
Microsoft Visual Studio Solution File, Format Version 12.00
# Visual Studio Version 16
VisualStudioVersion = 16.0.30611.23
MinimumVisualStudioVersion = 10.0.40219.1
Project("{FAE04EC0-301F-11D3-BF4B-00C04F79EFBC}") = "FA.JustBlog.Models", "FA.JustBlog.Models\FA.JustBlog.Models.csproj", "{3D4197D4-FE3E-4135-9B10-95FD7BFA70A1}"
EndProject
Project("{FAE04EC0-301F-11D3-BF4B-00C04F79EFBC}") = "FA.JustBlog.Data", "FA.JustBlog.Data\FA.JustBlog.Data.csproj", "{9020E664-4B65-4DFF-975A-7506CC34B1A7}"
EndProject
Project("{FAE04EC0-301F-11D3-BF4B-00C04F79EFBC}") = "FA.JustBlog.Services", "FA.JustBlog.Services\FA.JustBlog.Services.csproj", "{0BCC4761-2093-4AEF-882E-9267BD595212}"
EndProject
Project("{FAE04EC0-301F-11D3-BF4B-00C04F79EFBC}") = "FA.JustBlog.Common", "FA.JustBlog.Common\FA.JustBlog.Common.csproj", "{168893DC-BF58-4B15-95F8-3D8644B200DC}"
EndProject
Project("{FAE04EC0-301F-11D3-BF4B-00C04F79EFBC}") = "FA.JustBlog.WebMVC", "FA.JustBlog.WebMVC\FA.JustBlog.WebMVC.csproj", "{CCDBDDF7-6C76-48C0-B371-242110E5D961}"
EndProject
Global
	GlobalSection(SolutionConfigurationPlatforms) = preSolution
		Debug|Any CPU = Debug|Any CPU
		Release|Any CPU = Release|Any CPU
	EndGlobalSection
	GlobalSection(ProjectConfigurationPlatforms) = postSolution
		{3D4197D4-FE3E-4135-9B10-95FD7BFA70A1}.Debug|Any CPU.ActiveCfg = Debug|Any CPU
		{3D4197D4-FE3E-4135-9B10-95FD7BFA70A1}.Debug|Any CPU.Build.0 = Debug|Any CPU
		{3D4197D4-FE3E-4135-9B10-95FD7BFA70A1}.Release|Any CPU.ActiveCfg = Release|Any CPU
		{3D4197D4-FE3E-4135-9B10-95FD7BFA70A1}.Release|Any CPU.Build.0 = Release|Any CPU
		{9020E664-4B65-4DFF-975A-7506CC34B1A7}.Debug|Any CPU.ActiveCfg = Debug|Any CPU
		{9020E664-4B65-4DFF-975A-7506CC34B1A7}.Debug|Any CPU.Build.0 = Debug|Any CPU
		{9020E664-4B65-4DFF-975A-7506CC34B1A7}.Release|Any CPU.ActiveCfg = Release|Any CPU
		{9020E664-4B65-4DFF-975A-7506CC34B1A7}.Release|Any CPU.Build.0 = Release|Any CPU
		{0BCC4761-2093-4AEF-882E-9267BD595212}.Debug|Any CPU.ActiveCfg = Debug|Any CPU
		{0BCC4761-2093-4AEF-882E-9267BD595212}.Debug|Any CPU.Build.0 = Debug|Any CPU
		{0BCC4761-2093-4AEF-882E-9267BD595212}.Release|Any CPU.ActiveCfg = Release|Any CPU
		{0BCC4761-2093-4AEF-882E-9267BD595212}.Release|Any CPU.Build.0 = Release|Any CPU
		{168893DC-BF58-4B15-95F8-3D8644B200DC}.Debug|Any CPU.ActiveCfg = Debug|Any CPU
		{168893DC-BF58-4B15-95F8-3D8644B200DC}.Debug|Any CPU.Build.0 = Debug|Any CPU
		{168893DC-BF58-4B15-95F8-3D8644B200DC}.Release|Any CPU.ActiveCfg = Release|Any CPU
		{168893DC-BF58-4B15-95F8-3D8644B200DC}.Release|Any CPU.Build.0 = Release|Any CPU
		{CCDBDDF7-6C76-48C0-B371-242110E5D961}.Debug|Any CPU.ActiveCfg = Debug|Any CPU
		{CCDBDDF7-6C76-48C0-B371-242110E5D961}.Debug|Any CPU.Build.0 = Debug|Any CPU
		{CCDBDDF7-6C76-48C0-B371-242110E5D961}.Release|Any CPU.ActiveCfg = Release|Any CPU
		{CCDBDDF7-6C76-48C0-B371-242110E5D961}.Release|Any CPU.Build.0 = Release|Any CPU
	EndGlobalSection
	GlobalSection(SolutionProperties) = preSolution
		HideSolutionNode = FALSE
	EndGlobalSection
	GlobalSection(ExtensibilityGlobals) = postSolution
		SolutionGuid = {0804DB7A-F73E-4FD6-9B22-F463F41B79D0}
	EndGlobalSection
EndGlobal
